
Microsoft Visual Studio Solution File, Format Version 12.00
# Visual Studio Version 17
VisualStudioVersion = 17.12.35527.113
MinimumVisualStudioVersion = 10.0.40219.1
Project("{8BC9CEB8-8B4A-11D0-8D11-00A0C91BC942}") = "January28_2436", "January28_2436\January28_2436.vcxproj", "{FCB77E94-B35F-4182-B980-49D50A3CD436}"
EndProject
Project("{8BC9CEB8-8B4A-11D0-8D11-00A0C91BC942}") = "TangSubmissionOfAlgoLab", "TangSubmissionOfAlgoLab\TangSubmissionOfAlgoLab.vcxproj", "{ECA6F375-9C86-4086-B143-DA5E7EFCEA8C}"
EndProject
Project("{8BC9CEB8-8B4A-11D0-8D11-00A0C91BC942}") = "Moving on to std library algos", "Moving on to std library algos\Moving on to std library algos.vcxproj", "{A07BFEFA-60B1-4AA0-86A8-FD82A96BE6C9}"
EndProject
Project("{8BC9CEB8-8B4A-11D0-8D11-00A0C91BC942}") = "Demoing a couple more C++ STD library algos", "Demoing a couple more C++ STD library algos\Demoing a couple more C++ STD library algos.vcxproj", "{8E039B39-7470-44F7-A028-D401854A30B8}"
EndProject
Project("{8BC9CEB8-8B4A-11D0-8D11-00A0C91BC942}") = "Writing our own sorting algo", "Writing our own sorting algo\Writing our own sorting algo.vcxproj", "{BECF1BE7-D7BF-48CF-A0CB-092398B4AC16}"
EndProject
Project("{8BC9CEB8-8B4A-11D0-8D11-00A0C91BC942}") = "SortingObjectsOfAClassByCustomCriteria", "SortingObjectsOfAClassByCustomCriteria\SortingObjectsOfAClassByCustomCriteria.vcxproj", "{7F34333A-AEF3-4DA3-86FD-9049DD0C98D0}"
EndProject
Global
	GlobalSection(SolutionConfigurationPlatforms) = preSolution
		Debug|x64 = Debug|x64
		Debug|x86 = Debug|x86
		Release|x64 = Release|x64
		Release|x86 = Release|x86
	EndGlobalSection
	GlobalSection(ProjectConfigurationPlatforms) = postSolution
		{FCB77E94-B35F-4182-B980-49D50A3CD436}.Debug|x64.ActiveCfg = Debug|x64
		{FCB77E94-B35F-4182-B980-49D50A3CD436}.Debug|x64.Build.0 = Debug|x64
		{FCB77E94-B35F-4182-B980-49D50A3CD436}.Debug|x86.ActiveCfg = Debug|Win32
		{FCB77E94-B35F-4182-B980-49D50A3CD436}.Debug|x86.Build.0 = Debug|Win32
		{FCB77E94-B35F-4182-B980-49D50A3CD436}.Release|x64.ActiveCfg = Release|x64
		{FCB77E94-B35F-4182-B980-49D50A3CD436}.Release|x64.Build.0 = Release|x64
		{FCB77E94-B35F-4182-B980-49D50A3CD436}.Release|x86.ActiveCfg = Release|Win32
		{FCB77E94-B35F-4182-B980-49D50A3CD436}.Release|x86.Build.0 = Release|Win32
		{ECA6F375-9C86-4086-B143-DA5E7EFCEA8C}.Debug|x64.ActiveCfg = Debug|x64
		{ECA6F375-9C86-4086-B143-DA5E7EFCEA8C}.Debug|x64.Build.0 = Debug|x64
		{ECA6F375-9C86-4086-B143-DA5E7EFCEA8C}.Debug|x86.ActiveCfg = Debug|Win32
		{ECA6F375-9C86-4086-B143-DA5E7EFCEA8C}.Debug|x86.Build.0 = Debug|Win32
		{ECA6F375-9C86-4086-B143-DA5E7EFCEA8C}.Release|x64.ActiveCfg = Release|x64
		{ECA6F375-9C86-4086-B143-DA5E7EFCEA8C}.Release|x64.Build.0 = Release|x64
		{ECA6F375-9C86-4086-B143-DA5E7EFCEA8C}.Release|x86.ActiveCfg = Release|Win32
		{ECA6F375-9C86-4086-B143-DA5E7EFCEA8C}.Release|x86.Build.0 = Release|Win32
		{A07BFEFA-60B1-4AA0-86A8-FD82A96BE6C9}.Debug|x64.ActiveCfg = Debug|x64
		{A07BFEFA-60B1-4AA0-86A8-FD82A96BE6C9}.Debug|x64.Build.0 = Debug|x64
		{A07BFEFA-60B1-4AA0-86A8-FD82A96BE6C9}.Debug|x86.ActiveCfg = Debug|Win32
		{A07BFEFA-60B1-4AA0-86A8-FD82A96BE6C9}.Debug|x86.Build.0 = Debug|Win32
		{A07BFEFA-60B1-4AA0-86A8-FD82A96BE6C9}.Release|x64.ActiveCfg = Release|x64
		{A07BFEFA-60B1-4AA0-86A8-FD82A96BE6C9}.Release|x64.Build.0 = Release|x64
		{A07BFEFA-60B1-4AA0-86A8-FD82A96BE6C9}.Release|x86.ActiveCfg = Release|Win32
		{A07BFEFA-60B1-4AA0-86A8-FD82A96BE6C9}.Release|x86.Build.0 = Release|Win32
		{8E039B39-7470-44F7-A028-D401854A30B8}.Debug|x64.ActiveCfg = Debug|x64
		{8E039B39-7470-44F7-A028-D401854A30B8}.Debug|x64.Build.0 = Debug|x64
		{8E039B39-7470-44F7-A028-D401854A30B8}.Debug|x86.ActiveCfg = Debug|Win32
		{8E039B39-7470-44F7-A028-D401854A30B8}.Debug|x86.Build.0 = Debug|Win32
		{8E039B39-7470-44F7-A028-D401854A30B8}.Release|x64.ActiveCfg = Release|x64
		{8E039B39-7470-44F7-A028-D401854A30B8}.Release|x64.Build.0 = Release|x64
		{8E039B39-7470-44F7-A028-D401854A30B8}.Release|x86.ActiveCfg = Release|Win32
		{8E039B39-7470-44F7-A028-D401854A30B8}.Release|x86.Build.0 = Release|Win32
		{BECF1BE7-D7BF-48CF-A0CB-092398B4AC16}.Debug|x64.ActiveCfg = Debug|x64
		{BECF1BE7-D7BF-48CF-A0CB-092398B4AC16}.Debug|x64.Build.0 = Debug|x64
		{BECF1BE7-D7BF-48CF-A0CB-092398B4AC16}.Debug|x86.ActiveCfg = Debug|Win32
		{BECF1BE7-D7BF-48CF-A0CB-092398B4AC16}.Debug|x86.Build.0 = Debug|Win32
		{BECF1BE7-D7BF-48CF-A0CB-092398B4AC16}.Release|x64.ActiveCfg = Release|x64
		{BECF1BE7-D7BF-48CF-A0CB-092398B4AC16}.Release|x64.Build.0 = Release|x64
		{BECF1BE7-D7BF-48CF-A0CB-092398B4AC16}.Release|x86.ActiveCfg = Release|Win32
		{BECF1BE7-D7BF-48CF-A0CB-092398B4AC16}.Release|x86.Build.0 = Release|Win32
		{7F34333A-AEF3-4DA3-86FD-9049DD0C98D0}.Debug|x64.ActiveCfg = Debug|x64
		{7F34333A-AEF3-4DA3-86FD-9049DD0C98D0}.Debug|x64.Build.0 = Debug|x64
		{7F34333A-AEF3-4DA3-86FD-9049DD0C98D0}.Debug|x86.ActiveCfg = Debug|Win32
		{7F34333A-AEF3-4DA3-86FD-9049DD0C98D0}.Debug|x86.Build.0 = Debug|Win32
		{7F34333A-AEF3-4DA3-86FD-9049DD0C98D0}.Release|x64.ActiveCfg = Release|x64
		{7F34333A-AEF3-4DA3-86FD-9049DD0C98D0}.Release|x64.Build.0 = Release|x64
		{7F34333A-AEF3-4DA3-86FD-9049DD0C98D0}.Release|x86.ActiveCfg = Release|Win32
		{7F34333A-AEF3-4DA3-86FD-9049DD0C98D0}.Release|x86.Build.0 = Release|Win32
	EndGlobalSection
	GlobalSection(SolutionProperties) = preSolution
		HideSolutionNode = FALSE
	EndGlobalSection
EndGlobal
